
Microsoft Visual Studio Solution File, Format Version 12.00
# Visual Studio Version 16
VisualStudioVersion = 16.0.30225.117
MinimumVisualStudioVersion = 10.0.40219.1
Project("{FAE04EC0-301F-11D3-BF4B-00C04F79EFBC}") = "CRM", "CRM\CRM.csproj", "{73E53FBD-B32C-4C4B-A9C8-7DCA8E84E170}"
EndProject
Project("{FAE04EC0-301F-11D3-BF4B-00C04F79EFBC}") = "BLL", "BLL\BLL.csproj", "{9CE6DB37-F695-4607-9CD8-E4DFD1A2B070}"
EndProject
Project("{FAE04EC0-301F-11D3-BF4B-00C04F79EFBC}") = "DAL", "DAL\DAL.csproj", "{15C2AE0A-6E6A-49B7-9EAF-E8920824BB0A}"
EndProject
Project("{FAE04EC0-301F-11D3-BF4B-00C04F79EFBC}") = "Model", "Model\Model.csproj", "{1C19B890-0BD3-4B6E-B1B9-4D5743D3C5C2}"
EndProject
Global
	GlobalSection(SolutionConfigurationPlatforms) = preSolution
		Debug|Any CPU = Debug|Any CPU
		Release|Any CPU = Release|Any CPU
	EndGlobalSection
	GlobalSection(ProjectConfigurationPlatforms) = postSolution
		{73E53FBD-B32C-4C4B-A9C8-7DCA8E84E170}.Debug|Any CPU.ActiveCfg = Debug|Any CPU
		{73E53FBD-B32C-4C4B-A9C8-7DCA8E84E170}.Debug|Any CPU.Build.0 = Debug|Any CPU
		{73E53FBD-B32C-4C4B-A9C8-7DCA8E84E170}.Release|Any CPU.ActiveCfg = Release|Any CPU
		{73E53FBD-B32C-4C4B-A9C8-7DCA8E84E170}.Release|Any CPU.Build.0 = Release|Any CPU
		{9CE6DB37-F695-4607-9CD8-E4DFD1A2B070}.Debug|Any CPU.ActiveCfg = Debug|Any CPU
		{9CE6DB37-F695-4607-9CD8-E4DFD1A2B070}.Debug|Any CPU.Build.0 = Debug|Any CPU
		{9CE6DB37-F695-4607-9CD8-E4DFD1A2B070}.Release|Any CPU.ActiveCfg = Release|Any CPU
		{9CE6DB37-F695-4607-9CD8-E4DFD1A2B070}.Release|Any CPU.Build.0 = Release|Any CPU
		{15C2AE0A-6E6A-49B7-9EAF-E8920824BB0A}.Debug|Any CPU.ActiveCfg = Debug|Any CPU
		{15C2AE0A-6E6A-49B7-9EAF-E8920824BB0A}.Debug|Any CPU.Build.0 = Debug|Any CPU
		{15C2AE0A-6E6A-49B7-9EAF-E8920824BB0A}.Release|Any CPU.ActiveCfg = Release|Any CPU
		{15C2AE0A-6E6A-49B7-9EAF-E8920824BB0A}.Release|Any CPU.Build.0 = Release|Any CPU
		{1C19B890-0BD3-4B6E-B1B9-4D5743D3C5C2}.Debug|Any CPU.ActiveCfg = Debug|Any CPU
		{1C19B890-0BD3-4B6E-B1B9-4D5743D3C5C2}.Debug|Any CPU.Build.0 = Debug|Any CPU
		{1C19B890-0BD3-4B6E-B1B9-4D5743D3C5C2}.Release|Any CPU.ActiveCfg = Release|Any CPU
		{1C19B890-0BD3-4B6E-B1B9-4D5743D3C5C2}.Release|Any CPU.Build.0 = Release|Any CPU
	EndGlobalSection
	GlobalSection(SolutionProperties) = preSolution
		HideSolutionNode = FALSE
	EndGlobalSection
	GlobalSection(ExtensibilityGlobals) = postSolution
		SolutionGuid = {4041FC2D-0825-47E9-A380-F8949234B2CC}
	EndGlobalSection
EndGlobal
